
Microsoft Visual Studio Solution File, Format Version 12.00
# Visual Studio 14
VisualStudioVersion = 14.0.25420.1
MinimumVisualStudioVersion = 10.0.40219.1
Project("{FAE04EC0-301F-11D3-BF4B-00C04F79EFBC}") = "AppFacadeWS", "..\AppFacadeWS\AppFacadeWS.csproj", "{4A058A3E-1DF6-43FC-8465-F87043CBF9E4}"
EndProject
Project("{FAE04EC0-301F-11D3-BF4B-00C04F79EFBC}") = "AppFacadeWS11", "..\AppFacadeWS11\AppFacadeWS11.csproj", "{BEBFB548-7901-4515-B00F-7FFB176F8912}"
EndProject
Project("{FAE04EC0-301F-11D3-BF4B-00C04F79EFBC}") = "Clientes", "Clientes\Clientes.csproj", "{52895740-8582-49E9-B537-204D5A76277A}"
EndProject
Global
	GlobalSection(SolutionConfigurationPlatforms) = preSolution
		Debug|Any CPU = Debug|Any CPU
		Release|Any CPU = Release|Any CPU
	EndGlobalSection
	GlobalSection(ProjectConfigurationPlatforms) = postSolution
		{4A058A3E-1DF6-43FC-8465-F87043CBF9E4}.Debug|Any CPU.ActiveCfg = Debug|Any CPU
		{4A058A3E-1DF6-43FC-8465-F87043CBF9E4}.Debug|Any CPU.Build.0 = Debug|Any CPU
		{4A058A3E-1DF6-43FC-8465-F87043CBF9E4}.Release|Any CPU.ActiveCfg = Release|Any CPU
		{4A058A3E-1DF6-43FC-8465-F87043CBF9E4}.Release|Any CPU.Build.0 = Release|Any CPU
		{BEBFB548-7901-4515-B00F-7FFB176F8912}.Debug|Any CPU.ActiveCfg = Debug|Any CPU
		{BEBFB548-7901-4515-B00F-7FFB176F8912}.Debug|Any CPU.Build.0 = Debug|Any CPU
		{BEBFB548-7901-4515-B00F-7FFB176F8912}.Release|Any CPU.ActiveCfg = Release|Any CPU
		{BEBFB548-7901-4515-B00F-7FFB176F8912}.Release|Any CPU.Build.0 = Release|Any CPU
		{52895740-8582-49E9-B537-204D5A76277A}.Debug|Any CPU.ActiveCfg = Debug|Any CPU
		{52895740-8582-49E9-B537-204D5A76277A}.Debug|Any CPU.Build.0 = Debug|Any CPU
		{52895740-8582-49E9-B537-204D5A76277A}.Release|Any CPU.ActiveCfg = Release|Any CPU
		{52895740-8582-49E9-B537-204D5A76277A}.Release|Any CPU.Build.0 = Release|Any CPU
	EndGlobalSection
	GlobalSection(SolutionProperties) = preSolution
		HideSolutionNode = FALSE
	EndGlobalSection
	GlobalSection(TeamFoundationVersionControl) = preSolution
		SccNumberOfProjects = 4
		SccEnterpriseProvider = {4CA58AB2-18FA-4F8D-95D4-32DDF27D184C}
		SccTeamFoundationServer = https://henryosorio.visualstudio.com/
		SccLocalPath0 = .
		SccProjectUniqueName1 = ..\\AppFacadeWS11\\AppFacadeWS11.csproj
		SccProjectName1 = ../AppFacadeWS11
		SccLocalPath1 = ..\\AppFacadeWS11
		SccProjectUniqueName2 = ..\\AppFacadeWS\\AppFacadeWS.csproj
		SccProjectName2 = ../AppFacadeWS
		SccLocalPath2 = ..\\AppFacadeWS
		SccProjectUniqueName3 = Clientes\\Clientes.csproj
		SccProjectName3 = Clientes
		SccLocalPath3 = Clientes
	EndGlobalSection
EndGlobal
